
Microsoft Visual Studio Solution File, Format Version 12.00
# Visual Studio 15
VisualStudioVersion = 15.0.27703.2035
MinimumVisualStudioVersion = 10.0.40219.1
Project("{8BC9CEB8-8B4A-11D0-8D11-00A0C91BC942}") = "DSC", "DSC\DSC.vcxproj", "{2BFD8DEE-77FA-49B1-AF95-51751094685C}"
EndProject
Project("{8BC9CEB8-8B4A-11D0-8D11-00A0C91BC942}") = "CVector", "CVector\CVector.vcxproj", "{3AE83BF0-21DD-498F-8B7B-2999F31EDB59}"
EndProject
Project("{8BC9CEB8-8B4A-11D0-8D11-00A0C91BC942}") = "CTree", "CTree\CTree.vcxproj", "{34D6A19A-4C59-413D-9136-61058821BE60}"
EndProject
Global
	GlobalSection(SolutionConfigurationPlatforms) = preSolution
		Debug|x64 = Debug|x64
		Debug|x86 = Debug|x86
		Release|x64 = Release|x64
		Release|x86 = Release|x86
	EndGlobalSection
	GlobalSection(ProjectConfigurationPlatforms) = postSolution
		{2BFD8DEE-77FA-49B1-AF95-51751094685C}.Debug|x64.ActiveCfg = Debug|x64
		{2BFD8DEE-77FA-49B1-AF95-51751094685C}.Debug|x64.Build.0 = Debug|x64
		{2BFD8DEE-77FA-49B1-AF95-51751094685C}.Debug|x86.ActiveCfg = Debug|Win32
		{2BFD8DEE-77FA-49B1-AF95-51751094685C}.Debug|x86.Build.0 = Debug|Win32
		{2BFD8DEE-77FA-49B1-AF95-51751094685C}.Release|x64.ActiveCfg = Release|x64
		{2BFD8DEE-77FA-49B1-AF95-51751094685C}.Release|x64.Build.0 = Release|x64
		{2BFD8DEE-77FA-49B1-AF95-51751094685C}.Release|x86.ActiveCfg = Release|Win32
		{2BFD8DEE-77FA-49B1-AF95-51751094685C}.Release|x86.Build.0 = Release|Win32
		{3AE83BF0-21DD-498F-8B7B-2999F31EDB59}.Debug|x64.ActiveCfg = Debug|x64
		{3AE83BF0-21DD-498F-8B7B-2999F31EDB59}.Debug|x64.Build.0 = Debug|x64
		{3AE83BF0-21DD-498F-8B7B-2999F31EDB59}.Debug|x86.ActiveCfg = Debug|Win32
		{3AE83BF0-21DD-498F-8B7B-2999F31EDB59}.Debug|x86.Build.0 = Debug|Win32
		{3AE83BF0-21DD-498F-8B7B-2999F31EDB59}.Release|x64.ActiveCfg = Release|x64
		{3AE83BF0-21DD-498F-8B7B-2999F31EDB59}.Release|x64.Build.0 = Release|x64
		{3AE83BF0-21DD-498F-8B7B-2999F31EDB59}.Release|x86.ActiveCfg = Release|Win32
		{3AE83BF0-21DD-498F-8B7B-2999F31EDB59}.Release|x86.Build.0 = Release|Win32
		{34D6A19A-4C59-413D-9136-61058821BE60}.Debug|x64.ActiveCfg = Debug|x64
		{34D6A19A-4C59-413D-9136-61058821BE60}.Debug|x64.Build.0 = Debug|x64
		{34D6A19A-4C59-413D-9136-61058821BE60}.Debug|x86.ActiveCfg = Debug|Win32
		{34D6A19A-4C59-413D-9136-61058821BE60}.Debug|x86.Build.0 = Debug|Win32
		{34D6A19A-4C59-413D-9136-61058821BE60}.Release|x64.ActiveCfg = Release|x64
		{34D6A19A-4C59-413D-9136-61058821BE60}.Release|x64.Build.0 = Release|x64
		{34D6A19A-4C59-413D-9136-61058821BE60}.Release|x86.ActiveCfg = Release|Win32
		{34D6A19A-4C59-413D-9136-61058821BE60}.Release|x86.Build.0 = Release|Win32
	EndGlobalSection
	GlobalSection(SolutionProperties) = preSolution
		HideSolutionNode = FALSE
	EndGlobalSection
	GlobalSection(ExtensibilityGlobals) = postSolution
		SolutionGuid = {60BC1353-2AF6-4AC9-833A-80B09835293E}
	EndGlobalSection
EndGlobal
